
Microsoft Visual Studio Solution File, Format Version 12.00
# Visual Studio 14
VisualStudioVersion = 14.0.25123.0
MinimumVisualStudioVersion = 10.0.40219.1
Project("{FAE04EC0-301F-11D3-BF4B-00C04F79EFBC}") = "ConsoleCurrencyConverter", "ConsoleCurrencyConverter\ConsoleCurrencyConverter.csproj", "{0E7E30C7-7844-4AC2-A44B-FAD58FC6648A}"
EndProject
Project("{FAE04EC0-301F-11D3-BF4B-00C04F79EFBC}") = "IfElseSample", "IfElseSample\IfElseSample.csproj", "{84896325-CC89-4C71-811B-AC914CBFC0D2}"
EndProject
Project("{FAE04EC0-301F-11D3-BF4B-00C04F79EFBC}") = "1000DaysAfterBirth", "1000DaysAfterBirth\1000DaysAfterBirth.csproj", "{BD57676D-91BD-48D9-AA26-59075544A358}"
EndProject
Global
	GlobalSection(SolutionConfigurationPlatforms) = preSolution
		Debug|Any CPU = Debug|Any CPU
		Release|Any CPU = Release|Any CPU
	EndGlobalSection
	GlobalSection(ProjectConfigurationPlatforms) = postSolution
		{0E7E30C7-7844-4AC2-A44B-FAD58FC6648A}.Debug|Any CPU.ActiveCfg = Debug|Any CPU
		{0E7E30C7-7844-4AC2-A44B-FAD58FC6648A}.Debug|Any CPU.Build.0 = Debug|Any CPU
		{0E7E30C7-7844-4AC2-A44B-FAD58FC6648A}.Release|Any CPU.ActiveCfg = Release|Any CPU
		{0E7E30C7-7844-4AC2-A44B-FAD58FC6648A}.Release|Any CPU.Build.0 = Release|Any CPU
		{84896325-CC89-4C71-811B-AC914CBFC0D2}.Debug|Any CPU.ActiveCfg = Debug|Any CPU
		{84896325-CC89-4C71-811B-AC914CBFC0D2}.Debug|Any CPU.Build.0 = Debug|Any CPU
		{84896325-CC89-4C71-811B-AC914CBFC0D2}.Release|Any CPU.ActiveCfg = Release|Any CPU
		{84896325-CC89-4C71-811B-AC914CBFC0D2}.Release|Any CPU.Build.0 = Release|Any CPU
		{BD57676D-91BD-48D9-AA26-59075544A358}.Debug|Any CPU.ActiveCfg = Debug|Any CPU
		{BD57676D-91BD-48D9-AA26-59075544A358}.Debug|Any CPU.Build.0 = Debug|Any CPU
		{BD57676D-91BD-48D9-AA26-59075544A358}.Release|Any CPU.ActiveCfg = Release|Any CPU
		{BD57676D-91BD-48D9-AA26-59075544A358}.Release|Any CPU.Build.0 = Release|Any CPU
	EndGlobalSection
	GlobalSection(SolutionProperties) = preSolution
		HideSolutionNode = FALSE
	EndGlobalSection
EndGlobal
