
Microsoft Visual Studio Solution File, Format Version 12.00
# Visual Studio 14
VisualStudioVersion = 14.0.25123.0
MinimumVisualStudioVersion = 10.0.40219.1
Project("{FAE04EC0-301F-11D3-BF4B-00C04F79EFBC}") = "TransportPrice", "TransportPrice\TransportPrice.csproj", "{F95330A6-A5E7-47DB-BE0D-1BEDFA18E986}"
EndProject
Project("{FAE04EC0-301F-11D3-BF4B-00C04F79EFBC}") = "PointInFigure", "PointInFigure\PointInFigure.csproj", "{F8A866F8-98B6-4451-BCE4-4E1F8649D69C}"
EndProject
Global
	GlobalSection(SolutionConfigurationPlatforms) = preSolution
		Debug|Any CPU = Debug|Any CPU
		Release|Any CPU = Release|Any CPU
	EndGlobalSection
	GlobalSection(ProjectConfigurationPlatforms) = postSolution
		{F95330A6-A5E7-47DB-BE0D-1BEDFA18E986}.Debug|Any CPU.ActiveCfg = Debug|Any CPU
		{F95330A6-A5E7-47DB-BE0D-1BEDFA18E986}.Debug|Any CPU.Build.0 = Debug|Any CPU
		{F95330A6-A5E7-47DB-BE0D-1BEDFA18E986}.Release|Any CPU.ActiveCfg = Release|Any CPU
		{F95330A6-A5E7-47DB-BE0D-1BEDFA18E986}.Release|Any CPU.Build.0 = Release|Any CPU
		{F8A866F8-98B6-4451-BCE4-4E1F8649D69C}.Debug|Any CPU.ActiveCfg = Debug|Any CPU
		{F8A866F8-98B6-4451-BCE4-4E1F8649D69C}.Debug|Any CPU.Build.0 = Debug|Any CPU
		{F8A866F8-98B6-4451-BCE4-4E1F8649D69C}.Release|Any CPU.ActiveCfg = Release|Any CPU
		{F8A866F8-98B6-4451-BCE4-4E1F8649D69C}.Release|Any CPU.Build.0 = Release|Any CPU
	EndGlobalSection
	GlobalSection(SolutionProperties) = preSolution
		HideSolutionNode = FALSE
	EndGlobalSection
EndGlobal
